{
    "_readme": [
        "This file locks the dependencies of your project to a known state",
        "Read more about it at https://getcomposer.org/doc/01-basic-usage.md#composer-lock-the-lock-file",
        "This file is @generated automatically"
    ],
    "content-hash": "8f174f69b106bfdd0f0b0997d991460b",
    "packages": [
        {
            "name": "doctrine/instantiator",
            "version": "1.0.4",
            "source": {
                "type": "git",
                "url": "https://github.com/doctrine/instantiator.git",
                "reference": "f976e5de371104877ebc89bd8fecb0019ed9c119"
            },
            "dist": {
                "type": "zip",
                "url": "https://api.github.com/repos/doctrine/instantiator/zipball/f976e5de371104877ebc89bd8fecb0019ed9c119",
                "reference": "f976e5de371104877ebc89bd8fecb0019ed9c119",
                "shasum": ""
            },
            "require": {
                "php": ">=5.3,<8.0-DEV"
            },
            "require-dev": {
                "athletic/athletic": "~0.1.8",
                "ext-pdo": "*",
                "ext-phar": "*",
                "phpunit/phpunit": "~4.0",
                "squizlabs/php_codesniffer": "2.0.*@ALPHA"
            },
            "type": "library",
            "extra": {
                "branch-alias": {
                    "dev-master": "1.0.x-dev"
                }
            },
            "autoload": {
                "psr-0": {
                    "Doctrine\\Instantiator\\": "src"
                }
            },
            "notification-url": "https://packagist.org/downloads/",
            "license": [
                "MIT"
            ],
            "authors": [
                {
                    "name": "Marco Pivetta",
                    "email": "ocramius@gmail.com",
                    "homepage": "http://ocramius.github.com/"
                }
            ],
            "description": "A small, lightweight utility to instantiate objects in PHP without invoking their constructors",
            "homepage": "https://github.com/doctrine/instantiator",
            "keywords": [
                "constructor",
                "instantiate"
            ],
            "time": "2014-10-13T12:58:55+00:00"
        },
        {
            "name": "knplabs/gaufrette",
            "version": "v0.3.1",
            "source": {
                "type": "git",
                "url": "https://github.com/KnpLabs/Gaufrette.git",
                "reference": "771ad16f4b2e7f9d35f44b201956e83c6fbf5dde"
            },
            "dist": {
                "type": "zip",
                "url": "https://api.github.com/repos/KnpLabs/Gaufrette/zipball/771ad16f4b2e7f9d35f44b201956e83c6fbf5dde",
                "reference": "771ad16f4b2e7f9d35f44b201956e83c6fbf5dde",
                "shasum": ""
            },
            "require": {
                "php": ">=5.4"
            },
            "conflict": {
                "microsoft/windowsazure": "<0.4.3"
            },
            "require-dev": {
                "amazonwebservices/aws-sdk-for-php": "1.5.*",
                "aws/aws-sdk-php": "^2.4.12",
                "doctrine/dbal": ">=2.3",
                "dropbox-php/dropbox-php": "*",
                "google/apiclient": "~1.1.3",
                "herzult/php-ssh": "*",
                "league/flysystem": "~1.0",
                "mikey179/vfsstream": "~1.2.0",
                "phpseclib/phpseclib": "^2.0",
                "phpspec/phpspec": "~2.4",
                "phpunit/phpunit": "3.7.*",
                "rackspace/php-opencloud": "^1.9.2"
            },
            "suggest": {
                "amazonwebservices/aws-sdk-for-php": "to use the legacy Amazon S3 adapters",
                "aws/aws-sdk-php": "to use the Amazon S3 adapter",
                "doctrine/dbal": "to use the Doctrine DBAL adapter",
                "dropbox-php/dropbox-php": "to use the Dropbox adapter",
                "ext-apc": "to use the APC adapter",
                "ext-curl": "*",
                "ext-fileinfo": "This extension is used to automatically detect the content-type of a file in the AwsS3, OpenCloud, AzureBlogStorage and GoogleCloudStorage adapters",
                "ext-mbstring": "*",
                "ext-mongo": "*",
                "ext-zip": "to use the Zip adapter",
                "google/apiclient": "to use GoogleCloudStorage adapter",
                "herzult/php-ssh": "to use SFtp adapter",
                "knplabs/knp-gaufrette-bundle": "to use with Symfony2",
                "league/flysystem": "to use Flysystem adapters",
                "microsoft/windowsazure": "to use Microsoft Azure Blob Storage adapter",
                "phpseclib/phpseclib": "to use PhpseclibSftp adapter",
                "rackspace/php-opencloud": "to use Opencloud adapter"
            },
            "type": "library",
            "extra": {
                "branch-alias": {
                    "dev-master": "0.4.x-dev"
                }
            },
            "autoload": {
                "psr-0": {
                    "Gaufrette": "src/"
                }
            },
            "notification-url": "https://packagist.org/downloads/",
            "license": [
                "MIT"
            ],
            "authors": [
                {
                    "name": "The contributors",
                    "homepage": "http://github.com/knplabs/Gaufrette/contributors"
                },
                {
                    "name": "KnpLabs Team",
                    "homepage": "http://knplabs.com"
                }
            ],
            "description": "PHP5 library that provides a filesystem abstraction layer",
            "homepage": "http://knplabs.com",
            "keywords": [
                "abstraction",
                "file",
                "filesystem",
                "media"
            ],
            "time": "2017-03-20T01:23:34+00:00"
        },
        {
            "name": "ralouphie/mimey",
            "version": "1.0.2",
            "source": {
                "type": "git",
                "url": "https://github.com/ralouphie/mimey.git",
                "reference": "2a0e997c733b7c2f9f8b61cafb006fd5fb9fa15a"
            },
            "dist": {
                "type": "zip",
                "url": "https://api.github.com/repos/ralouphie/mimey/zipball/2a0e997c733b7c2f9f8b61cafb006fd5fb9fa15a",
                "reference": "2a0e997c733b7c2f9f8b61cafb006fd5fb9fa15a",
                "shasum": ""
            },
            "require": {
                "php": ">=5.3"
            },
            "require-dev": {
                "phpunit/phpunit": "~3.7.0",
                "satooshi/php-coveralls": ">=1.0"
            },
            "type": "library",
            "autoload": {
                "psr-4": {
                    "Mimey\\": "src/"
                }
            },
            "notification-url": "https://packagist.org/downloads/",
            "license": [
                "MIT"
            ],
            "authors": [
                {
                    "name": "Ralph Khattar",
                    "email": "ralph.khattar@gmail.com"
                }
            ],
            "description": "PHP package for converting file extensions to MIME types and vice versa.",
            "time": "2016-09-28T03:36:23+00:00"
        }
    ],
    "packages-dev": [],
    "aliases": [],
    "minimum-stability": "dev",
    "stability-flags": [],
    "prefer-stable": false,
    "prefer-lowest": false,
    "platform": {
        "php": ">=5.4.0",
        "ext-dom": "*"
    },
    "platform-dev": []
}
